
Microsoft Visual Studio Solution File, Format Version 12.00
# Visual Studio Version 16
VisualStudioVersion = 16.0.30330.147
MinimumVisualStudioVersion = 10.0.40219.1
Project("{FAE04EC0-301F-11D3-BF4B-00C04F79EFBC}") = "AzureBooksWagon", "AzureBooksWagon\AzureBooksWagon.csproj", "{1D4DA19B-095E-4004-ACEA-1E45383FFB3A}"
EndProject
Global
	GlobalSection(SolutionConfigurationPlatforms) = preSolution
		Debug|Any CPU = Debug|Any CPU
		Release|Any CPU = Release|Any CPU
	EndGlobalSection
	GlobalSection(ProjectConfigurationPlatforms) = postSolution
		{1D4DA19B-095E-4004-ACEA-1E45383FFB3A}.Debug|Any CPU.ActiveCfg = Debug|Any CPU
		{1D4DA19B-095E-4004-ACEA-1E45383FFB3A}.Debug|Any CPU.Build.0 = Debug|Any CPU
		{1D4DA19B-095E-4004-ACEA-1E45383FFB3A}.Release|Any CPU.ActiveCfg = Release|Any CPU
		{1D4DA19B-095E-4004-ACEA-1E45383FFB3A}.Release|Any CPU.Build.0 = Release|Any CPU
	EndGlobalSection
	GlobalSection(SolutionProperties) = preSolution
		HideSolutionNode = FALSE
	EndGlobalSection
	GlobalSection(ExtensibilityGlobals) = postSolution
		SolutionGuid = {0435535E-ABB4-42D6-B94D-A666FD08DC96}
	EndGlobalSection
EndGlobal
